
Microsoft Visual Studio Solution File, Format Version 12.00
# Visual Studio 15
Project("{FAE04EC0-301F-11D3-BF4B-00C04F79EFBC}") = "Meta.XR.MultiplayerBlocks.Shared", "Meta.XR.MultiplayerBlocks.Shared.csproj", "{B2BC9894-6164-7341-4753-4D08108D1D56}"
EndProject
Project("{FAE04EC0-301F-11D3-BF4B-00C04F79EFBC}") = "Meta.XR.BuildingBlocks", "Meta.XR.BuildingBlocks.csproj", "{09D7BB2A-D447-A590-B4C0-ED3D6AFF238A}"
EndProject
Project("{FAE04EC0-301F-11D3-BF4B-00C04F79EFBC}") = "Meta.XR.BuildingBlocks.Editor", "Meta.XR.BuildingBlocks.Editor.csproj", "{BF4EBA6D-23F6-C860-EFF5-4B94487576F8}"
EndProject
Project("{FAE04EC0-301F-11D3-BF4B-00C04F79EFBC}") = "Oculus.VR", "Oculus.VR.csproj", "{7B055B2F-7C5D-025D-1CB5-A1A7DA6F0B50}"
EndProject
Project("{FAE04EC0-301F-11D3-BF4B-00C04F79EFBC}") = "Assembly-CSharp", "Assembly-CSharp.csproj", "{37F763A9-3382-657A-813A-1A055FCD5596}"
EndProject
Project("{FAE04EC0-301F-11D3-BF4B-00C04F79EFBC}") = "Oculus.VR.Editor", "Oculus.VR.Editor.csproj", "{E77B561A-64BF-B44C-207E-7A28E372B336}"
EndProject
Project("{FAE04EC0-301F-11D3-BF4B-00C04F79EFBC}") = "Oculus.VR.Scripts.Editor", "Oculus.VR.Scripts.Editor.csproj", "{A6F00FCC-709D-5E86-F3DA-78FAB46BB462}"
EndProject
Project("{FAE04EC0-301F-11D3-BF4B-00C04F79EFBC}") = "Meta.XR.ImmersiveDebugger", "Meta.XR.ImmersiveDebugger.csproj", "{8C8D3A45-F949-0A96-FB5B-B6122171E0DC}"
EndProject
Project("{FAE04EC0-301F-11D3-BF4B-00C04F79EFBC}") = "Meta.XR.Editor.Tags", "Meta.XR.Editor.Tags.csproj", "{F97513D7-441F-8CB1-41B9-1D414D4A3703}"
EndProject
Project("{FAE04EC0-301F-11D3-BF4B-00C04F79EFBC}") = "Meta.XR.Editor.TelemetryUI", "Meta.XR.Editor.TelemetryUI.csproj", "{27CE72B1-4632-83F6-6DA3-E0EB95209B03}"
EndProject
Project("{FAE04EC0-301F-11D3-BF4B-00C04F79EFBC}") = "Meta.XR.MultiplayerBlocks.Fusion.Editor", "Meta.XR.MultiplayerBlocks.Fusion.Editor.csproj", "{6B9D0A5B-59B4-9637-A740-FDADB066BFF7}"
EndProject
Project("{FAE04EC0-301F-11D3-BF4B-00C04F79EFBC}") = "Meta.XR.Editor.ToolingSupport", "Meta.XR.Editor.ToolingSupport.csproj", "{8DC92AD8-6A9D-A51C-39BD-53144D60EEDF}"
EndProject
Project("{FAE04EC0-301F-11D3-BF4B-00C04F79EFBC}") = "Meta.XR.Editor.PlayCompanion", "Meta.XR.Editor.PlayCompanion.csproj", "{D6D3101C-0024-C470-1786-20E3D3AD5572}"
EndProject
Project("{FAE04EC0-301F-11D3-BF4B-00C04F79EFBC}") = "Meta.XR.Editor.Reflection", "Meta.XR.Editor.Reflection.csproj", "{039E1451-2CA6-82F9-E397-F0F5F214905B}"
EndProject
Project("{FAE04EC0-301F-11D3-BF4B-00C04F79EFBC}") = "Meta.XR.Editor.UserInterface", "Meta.XR.Editor.UserInterface.csproj", "{AF0AE0FF-44C3-6BB2-7C9F-F8599D996C26}"
EndProject
Project("{FAE04EC0-301F-11D3-BF4B-00C04F79EFBC}") = "Meta.XR.BuildingBlocks.DepthAPI.Editor", "Meta.XR.BuildingBlocks.DepthAPI.Editor.csproj", "{FDE1BC64-3D56-524B-95EE-5A9E755CD54C}"
EndProject
Project("{FAE04EC0-301F-11D3-BF4B-00C04F79EFBC}") = "Meta.XR.ImmersiveDebugger.Editor", "Meta.XR.ImmersiveDebugger.Editor.csproj", "{4F33B3E3-F92A-9239-4DEC-654E0D17E4BA}"
EndProject
Project("{FAE04EC0-301F-11D3-BF4B-00C04F79EFBC}") = "Meta.XR.Editor.Notifications", "Meta.XR.Editor.Notifications.csproj", "{590CB0E0-E286-6559-C18D-C09090C4D728}"
EndProject
Project("{FAE04EC0-301F-11D3-BF4B-00C04F79EFBC}") = "Meta.XR.MultiplayerBlocks.Shared.Editor", "Meta.XR.MultiplayerBlocks.Shared.Editor.csproj", "{BEED1100-2DBC-911B-4E7E-7C235846B31F}"
EndProject
Project("{FAE04EC0-301F-11D3-BF4B-00C04F79EFBC}") = "Meta.XR.MultiplayerBlocks.NGO.Editor", "Meta.XR.MultiplayerBlocks.NGO.Editor.csproj", "{3899D167-CA9A-3F8B-3804-5A3805BC1B2F}"
EndProject
Project("{FAE04EC0-301F-11D3-BF4B-00C04F79EFBC}") = "Assembly-CSharp-Editor", "Assembly-CSharp-Editor.csproj", "{9DFBDADB-2DB7-9F63-1EBB-E465141AE57F}"
EndProject
Project("{FAE04EC0-301F-11D3-BF4B-00C04F79EFBC}") = "Meta.XR.Editor.Settings", "Meta.XR.Editor.Settings.csproj", "{220ED82E-B224-545D-EF92-760700E96DAB}"
EndProject
Project("{FAE04EC0-301F-11D3-BF4B-00C04F79EFBC}") = "Meta.XR.Editor.Id", "Meta.XR.Editor.Id.csproj", "{984AC38D-53FD-09A0-4751-D33D43706C48}"
EndProject
Project("{FAE04EC0-301F-11D3-BF4B-00C04F79EFBC}") = "Meta.XR.BuildingBlocks.DepthAPI", "Meta.XR.BuildingBlocks.DepthAPI.csproj", "{54971656-4D27-4FD3-A997-DE62DD3C84CD}"
EndProject
Project("{FAE04EC0-301F-11D3-BF4B-00C04F79EFBC}") = "Meta.XR.Guides.Editor", "Meta.XR.Guides.Editor.csproj", "{0FA4D592-34D9-DC1C-9864-A4F1E09A622B}"
EndProject
Project("{FAE04EC0-301F-11D3-BF4B-00C04F79EFBC}") = "Meta.XR.ImmersiveDebugger.Interface", "Meta.XR.ImmersiveDebugger.Interface.csproj", "{6242A04C-ABEE-B957-7EE7-ADA205501E64}"
EndProject
Project("{FAE04EC0-301F-11D3-BF4B-00C04F79EFBC}") = "Meta.XR.Editor.Callbacks", "Meta.XR.Editor.Callbacks.csproj", "{17CCCE0B-EFFE-B1FD-2771-9559829DE634}"
EndProject
Project("{FAE04EC0-301F-11D3-BF4B-00C04F79EFBC}") = "Meta.XR.Editor.StatusMenu", "Meta.XR.Editor.StatusMenu.csproj", "{729FBBDF-85FC-70EE-503A-E859A558FE45}"
EndProject
Project("{FAE04EC0-301F-11D3-BF4B-00C04F79EFBC}") = "Meta.XR.Editor.UPST.Notifications", "Meta.XR.Editor.UPST.Notifications.csproj", "{FC9C0047-9AAE-95DA-B1F9-547915F743D9}"
EndProject
Project("{FAE04EC0-301F-11D3-BF4B-00C04F79EFBC}") = "Meta.XR.Editor.Guide.About", "Meta.XR.Editor.Guide.About.csproj", "{2BB0E4BF-D507-9705-07C9-8EBA0B54F486}"
EndProject
Global
	GlobalSection(SolutionConfigurationPlatforms) = preSolution
		Debug|Any CPU = Debug|Any CPU
		Release|Any CPU = Release|Any CPU
	EndGlobalSection
	GlobalSection(ProjectConfigurationPlatforms) = postSolution
		{B2BC9894-6164-7341-4753-4D08108D1D56}.Debug|Any CPU.ActiveCfg = Debug|Any CPU
		{B2BC9894-6164-7341-4753-4D08108D1D56}.Debug|Any CPU.Build.0 = Debug|Any CPU
		{B2BC9894-6164-7341-4753-4D08108D1D56}.Release|Any CPU.ActiveCfg = Release|Any CPU
		{B2BC9894-6164-7341-4753-4D08108D1D56}.Release|Any CPU.Build.0 = Release|Any CPU
		{09D7BB2A-D447-A590-B4C0-ED3D6AFF238A}.Debug|Any CPU.ActiveCfg = Debug|Any CPU
		{09D7BB2A-D447-A590-B4C0-ED3D6AFF238A}.Debug|Any CPU.Build.0 = Debug|Any CPU
		{09D7BB2A-D447-A590-B4C0-ED3D6AFF238A}.Release|Any CPU.ActiveCfg = Release|Any CPU
		{09D7BB2A-D447-A590-B4C0-ED3D6AFF238A}.Release|Any CPU.Build.0 = Release|Any CPU
		{BF4EBA6D-23F6-C860-EFF5-4B94487576F8}.Debug|Any CPU.ActiveCfg = Debug|Any CPU
		{BF4EBA6D-23F6-C860-EFF5-4B94487576F8}.Debug|Any CPU.Build.0 = Debug|Any CPU
		{BF4EBA6D-23F6-C860-EFF5-4B94487576F8}.Release|Any CPU.ActiveCfg = Release|Any CPU
		{BF4EBA6D-23F6-C860-EFF5-4B94487576F8}.Release|Any CPU.Build.0 = Release|Any CPU
		{7B055B2F-7C5D-025D-1CB5-A1A7DA6F0B50}.Debug|Any CPU.ActiveCfg = Debug|Any CPU
		{7B055B2F-7C5D-025D-1CB5-A1A7DA6F0B50}.Debug|Any CPU.Build.0 = Debug|Any CPU
		{7B055B2F-7C5D-025D-1CB5-A1A7DA6F0B50}.Release|Any CPU.ActiveCfg = Release|Any CPU
		{7B055B2F-7C5D-025D-1CB5-A1A7DA6F0B50}.Release|Any CPU.Build.0 = Release|Any CPU
		{37F763A9-3382-657A-813A-1A055FCD5596}.Debug|Any CPU.ActiveCfg = Debug|Any CPU
		{37F763A9-3382-657A-813A-1A055FCD5596}.Debug|Any CPU.Build.0 = Debug|Any CPU
		{37F763A9-3382-657A-813A-1A055FCD5596}.Release|Any CPU.ActiveCfg = Release|Any CPU
		{37F763A9-3382-657A-813A-1A055FCD5596}.Release|Any CPU.Build.0 = Release|Any CPU
		{E77B561A-64BF-B44C-207E-7A28E372B336}.Debug|Any CPU.ActiveCfg = Debug|Any CPU
		{E77B561A-64BF-B44C-207E-7A28E372B336}.Debug|Any CPU.Build.0 = Debug|Any CPU
		{E77B561A-64BF-B44C-207E-7A28E372B336}.Release|Any CPU.ActiveCfg = Release|Any CPU
		{E77B561A-64BF-B44C-207E-7A28E372B336}.Release|Any CPU.Build.0 = Release|Any CPU
		{A6F00FCC-709D-5E86-F3DA-78FAB46BB462}.Debug|Any CPU.ActiveCfg = Debug|Any CPU
		{A6F00FCC-709D-5E86-F3DA-78FAB46BB462}.Debug|Any CPU.Build.0 = Debug|Any CPU
		{A6F00FCC-709D-5E86-F3DA-78FAB46BB462}.Release|Any CPU.ActiveCfg = Release|Any CPU
		{A6F00FCC-709D-5E86-F3DA-78FAB46BB462}.Release|Any CPU.Build.0 = Release|Any CPU
		{8C8D3A45-F949-0A96-FB5B-B6122171E0DC}.Debug|Any CPU.ActiveCfg = Debug|Any CPU
		{8C8D3A45-F949-0A96-FB5B-B6122171E0DC}.Debug|Any CPU.Build.0 = Debug|Any CPU
		{8C8D3A45-F949-0A96-FB5B-B6122171E0DC}.Release|Any CPU.ActiveCfg = Release|Any CPU
		{8C8D3A45-F949-0A96-FB5B-B6122171E0DC}.Release|Any CPU.Build.0 = Release|Any CPU
		{F97513D7-441F-8CB1-41B9-1D414D4A3703}.Debug|Any CPU.ActiveCfg = Debug|Any CPU
		{F97513D7-441F-8CB1-41B9-1D414D4A3703}.Debug|Any CPU.Build.0 = Debug|Any CPU
		{F97513D7-441F-8CB1-41B9-1D414D4A3703}.Release|Any CPU.ActiveCfg = Release|Any CPU
		{F97513D7-441F-8CB1-41B9-1D414D4A3703}.Release|Any CPU.Build.0 = Release|Any CPU
		{27CE72B1-4632-83F6-6DA3-E0EB95209B03}.Debug|Any CPU.ActiveCfg = Debug|Any CPU
		{27CE72B1-4632-83F6-6DA3-E0EB95209B03}.Debug|Any CPU.Build.0 = Debug|Any CPU
		{27CE72B1-4632-83F6-6DA3-E0EB95209B03}.Release|Any CPU.ActiveCfg = Release|Any CPU
		{27CE72B1-4632-83F6-6DA3-E0EB95209B03}.Release|Any CPU.Build.0 = Release|Any CPU
		{6B9D0A5B-59B4-9637-A740-FDADB066BFF7}.Debug|Any CPU.ActiveCfg = Debug|Any CPU
		{6B9D0A5B-59B4-9637-A740-FDADB066BFF7}.Debug|Any CPU.Build.0 = Debug|Any CPU
		{6B9D0A5B-59B4-9637-A740-FDADB066BFF7}.Release|Any CPU.ActiveCfg = Release|Any CPU
		{6B9D0A5B-59B4-9637-A740-FDADB066BFF7}.Release|Any CPU.Build.0 = Release|Any CPU
		{8DC92AD8-6A9D-A51C-39BD-53144D60EEDF}.Debug|Any CPU.ActiveCfg = Debug|Any CPU
		{8DC92AD8-6A9D-A51C-39BD-53144D60EEDF}.Debug|Any CPU.Build.0 = Debug|Any CPU
		{8DC92AD8-6A9D-A51C-39BD-53144D60EEDF}.Release|Any CPU.ActiveCfg = Release|Any CPU
		{8DC92AD8-6A9D-A51C-39BD-53144D60EEDF}.Release|Any CPU.Build.0 = Release|Any CPU
		{D6D3101C-0024-C470-1786-20E3D3AD5572}.Debug|Any CPU.ActiveCfg = Debug|Any CPU
		{D6D3101C-0024-C470-1786-20E3D3AD5572}.Debug|Any CPU.Build.0 = Debug|Any CPU
		{D6D3101C-0024-C470-1786-20E3D3AD5572}.Release|Any CPU.ActiveCfg = Release|Any CPU
		{D6D3101C-0024-C470-1786-20E3D3AD5572}.Release|Any CPU.Build.0 = Release|Any CPU
		{039E1451-2CA6-82F9-E397-F0F5F214905B}.Debug|Any CPU.ActiveCfg = Debug|Any CPU
		{039E1451-2CA6-82F9-E397-F0F5F214905B}.Debug|Any CPU.Build.0 = Debug|Any CPU
		{039E1451-2CA6-82F9-E397-F0F5F214905B}.Release|Any CPU.ActiveCfg = Release|Any CPU
		{039E1451-2CA6-82F9-E397-F0F5F214905B}.Release|Any CPU.Build.0 = Release|Any CPU
		{AF0AE0FF-44C3-6BB2-7C9F-F8599D996C26}.Debug|Any CPU.ActiveCfg = Debug|Any CPU
		{AF0AE0FF-44C3-6BB2-7C9F-F8599D996C26}.Debug|Any CPU.Build.0 = Debug|Any CPU
		{AF0AE0FF-44C3-6BB2-7C9F-F8599D996C26}.Release|Any CPU.ActiveCfg = Release|Any CPU
		{AF0AE0FF-44C3-6BB2-7C9F-F8599D996C26}.Release|Any CPU.Build.0 = Release|Any CPU
		{FDE1BC64-3D56-524B-95EE-5A9E755CD54C}.Debug|Any CPU.ActiveCfg = Debug|Any CPU
		{FDE1BC64-3D56-524B-95EE-5A9E755CD54C}.Debug|Any CPU.Build.0 = Debug|Any CPU
		{FDE1BC64-3D56-524B-95EE-5A9E755CD54C}.Release|Any CPU.ActiveCfg = Release|Any CPU
		{FDE1BC64-3D56-524B-95EE-5A9E755CD54C}.Release|Any CPU.Build.0 = Release|Any CPU
		{4F33B3E3-F92A-9239-4DEC-654E0D17E4BA}.Debug|Any CPU.ActiveCfg = Debug|Any CPU
		{4F33B3E3-F92A-9239-4DEC-654E0D17E4BA}.Debug|Any CPU.Build.0 = Debug|Any CPU
		{4F33B3E3-F92A-9239-4DEC-654E0D17E4BA}.Release|Any CPU.ActiveCfg = Release|Any CPU
		{4F33B3E3-F92A-9239-4DEC-654E0D17E4BA}.Release|Any CPU.Build.0 = Release|Any CPU
		{590CB0E0-E286-6559-C18D-C09090C4D728}.Debug|Any CPU.ActiveCfg = Debug|Any CPU
		{590CB0E0-E286-6559-C18D-C09090C4D728}.Debug|Any CPU.Build.0 = Debug|Any CPU
		{590CB0E0-E286-6559-C18D-C09090C4D728}.Release|Any CPU.ActiveCfg = Release|Any CPU
		{590CB0E0-E286-6559-C18D-C09090C4D728}.Release|Any CPU.Build.0 = Release|Any CPU
		{BEED1100-2DBC-911B-4E7E-7C235846B31F}.Debug|Any CPU.ActiveCfg = Debug|Any CPU
		{BEED1100-2DBC-911B-4E7E-7C235846B31F}.Debug|Any CPU.Build.0 = Debug|Any CPU
		{BEED1100-2DBC-911B-4E7E-7C235846B31F}.Release|Any CPU.ActiveCfg = Release|Any CPU
		{BEED1100-2DBC-911B-4E7E-7C235846B31F}.Release|Any CPU.Build.0 = Release|Any CPU
		{3899D167-CA9A-3F8B-3804-5A3805BC1B2F}.Debug|Any CPU.ActiveCfg = Debug|Any CPU
		{3899D167-CA9A-3F8B-3804-5A3805BC1B2F}.Debug|Any CPU.Build.0 = Debug|Any CPU
		{3899D167-CA9A-3F8B-3804-5A3805BC1B2F}.Release|Any CPU.ActiveCfg = Release|Any CPU
		{3899D167-CA9A-3F8B-3804-5A3805BC1B2F}.Release|Any CPU.Build.0 = Release|Any CPU
		{9DFBDADB-2DB7-9F63-1EBB-E465141AE57F}.Debug|Any CPU.ActiveCfg = Debug|Any CPU
		{9DFBDADB-2DB7-9F63-1EBB-E465141AE57F}.Debug|Any CPU.Build.0 = Debug|Any CPU
		{9DFBDADB-2DB7-9F63-1EBB-E465141AE57F}.Release|Any CPU.ActiveCfg = Release|Any CPU
		{9DFBDADB-2DB7-9F63-1EBB-E465141AE57F}.Release|Any CPU.Build.0 = Release|Any CPU
		{220ED82E-B224-545D-EF92-760700E96DAB}.Debug|Any CPU.ActiveCfg = Debug|Any CPU
		{220ED82E-B224-545D-EF92-760700E96DAB}.Debug|Any CPU.Build.0 = Debug|Any CPU
		{220ED82E-B224-545D-EF92-760700E96DAB}.Release|Any CPU.ActiveCfg = Release|Any CPU
		{220ED82E-B224-545D-EF92-760700E96DAB}.Release|Any CPU.Build.0 = Release|Any CPU
		{984AC38D-53FD-09A0-4751-D33D43706C48}.Debug|Any CPU.ActiveCfg = Debug|Any CPU
		{984AC38D-53FD-09A0-4751-D33D43706C48}.Debug|Any CPU.Build.0 = Debug|Any CPU
		{984AC38D-53FD-09A0-4751-D33D43706C48}.Release|Any CPU.ActiveCfg = Release|Any CPU
		{984AC38D-53FD-09A0-4751-D33D43706C48}.Release|Any CPU.Build.0 = Release|Any CPU
		{54971656-4D27-4FD3-A997-DE62DD3C84CD}.Debug|Any CPU.ActiveCfg = Debug|Any CPU
		{54971656-4D27-4FD3-A997-DE62DD3C84CD}.Debug|Any CPU.Build.0 = Debug|Any CPU
		{54971656-4D27-4FD3-A997-DE62DD3C84CD}.Release|Any CPU.ActiveCfg = Release|Any CPU
		{54971656-4D27-4FD3-A997-DE62DD3C84CD}.Release|Any CPU.Build.0 = Release|Any CPU
		{0FA4D592-34D9-DC1C-9864-A4F1E09A622B}.Debug|Any CPU.ActiveCfg = Debug|Any CPU
		{0FA4D592-34D9-DC1C-9864-A4F1E09A622B}.Debug|Any CPU.Build.0 = Debug|Any CPU
		{0FA4D592-34D9-DC1C-9864-A4F1E09A622B}.Release|Any CPU.ActiveCfg = Release|Any CPU
		{0FA4D592-34D9-DC1C-9864-A4F1E09A622B}.Release|Any CPU.Build.0 = Release|Any CPU
		{6242A04C-ABEE-B957-7EE7-ADA205501E64}.Debug|Any CPU.ActiveCfg = Debug|Any CPU
		{6242A04C-ABEE-B957-7EE7-ADA205501E64}.Debug|Any CPU.Build.0 = Debug|Any CPU
		{6242A04C-ABEE-B957-7EE7-ADA205501E64}.Release|Any CPU.ActiveCfg = Release|Any CPU
		{6242A04C-ABEE-B957-7EE7-ADA205501E64}.Release|Any CPU.Build.0 = Release|Any CPU
		{17CCCE0B-EFFE-B1FD-2771-9559829DE634}.Debug|Any CPU.ActiveCfg = Debug|Any CPU
		{17CCCE0B-EFFE-B1FD-2771-9559829DE634}.Debug|Any CPU.Build.0 = Debug|Any CPU
		{17CCCE0B-EFFE-B1FD-2771-9559829DE634}.Release|Any CPU.ActiveCfg = Release|Any CPU
		{17CCCE0B-EFFE-B1FD-2771-9559829DE634}.Release|Any CPU.Build.0 = Release|Any CPU
		{729FBBDF-85FC-70EE-503A-E859A558FE45}.Debug|Any CPU.ActiveCfg = Debug|Any CPU
		{729FBBDF-85FC-70EE-503A-E859A558FE45}.Debug|Any CPU.Build.0 = Debug|Any CPU
		{729FBBDF-85FC-70EE-503A-E859A558FE45}.Release|Any CPU.ActiveCfg = Release|Any CPU
		{729FBBDF-85FC-70EE-503A-E859A558FE45}.Release|Any CPU.Build.0 = Release|Any CPU
		{FC9C0047-9AAE-95DA-B1F9-547915F743D9}.Debug|Any CPU.ActiveCfg = Debug|Any CPU
		{FC9C0047-9AAE-95DA-B1F9-547915F743D9}.Debug|Any CPU.Build.0 = Debug|Any CPU
		{FC9C0047-9AAE-95DA-B1F9-547915F743D9}.Release|Any CPU.ActiveCfg = Release|Any CPU
		{FC9C0047-9AAE-95DA-B1F9-547915F743D9}.Release|Any CPU.Build.0 = Release|Any CPU
		{2BB0E4BF-D507-9705-07C9-8EBA0B54F486}.Debug|Any CPU.ActiveCfg = Debug|Any CPU
		{2BB0E4BF-D507-9705-07C9-8EBA0B54F486}.Debug|Any CPU.Build.0 = Debug|Any CPU
		{2BB0E4BF-D507-9705-07C9-8EBA0B54F486}.Release|Any CPU.ActiveCfg = Release|Any CPU
		{2BB0E4BF-D507-9705-07C9-8EBA0B54F486}.Release|Any CPU.Build.0 = Release|Any CPU
	EndGlobalSection
	GlobalSection(SolutionProperties) = preSolution
		HideSolutionNode = FALSE
	EndGlobalSection
EndGlobal
